// !$*UTF8*$!
{
	archiveVersion = 1;
	classes = {
	};
	objectVersion = 51;
	objects = {

/* Begin PBXBuildFile section */
		B51CAF1E23D617EA0015877C /* Service.swift in Sources */ = {isa = PBXBuildFile; fileRef = B51CAF1D23D617EA0015877C /* Service.swift */; };
		B51CAF2123D6183D0015877C /* Restaurant.swift in Sources */ = {isa = PBXBuildFile; fileRef = B51CAF2023D6183D0015877C /* Restaurant.swift */; };
		B51CAF2523D632F60015877C /* RestaurantCell.swift in Sources */ = {isa = PBXBuildFile; fileRef = B51CAF2423D632F60015877C /* RestaurantCell.swift */; };
		B51CAF2823D633490015877C /* UIView+Anchors.swift in Sources */ = {isa = PBXBuildFile; fileRef = B51CAF2723D633490015877C /* UIView+Anchors.swift */; };
		B5747B2823D59FEB0070BE4A /* AppDelegate.swift in Sources */ = {isa = PBXBuildFile; fileRef = B5747B2723D59FEB0070BE4A /* AppDelegate.swift */; };
		B5747B2A23D59FEB0070BE4A /* SceneDelegate.swift in Sources */ = {isa = PBXBuildFile; fileRef = B5747B2923D59FEB0070BE4A /* SceneDelegate.swift */; };
		B5747B2C23D59FEB0070BE4A /* ViewController.swift in Sources */ = {isa = PBXBuildFile; fileRef = B5747B2B23D59FEB0070BE4A /* ViewController.swift */; };
		B5747B3123D59FED0070BE4A /* Assets.xcassets in Resources */ = {isa = PBXBuildFile; fileRef = B5747B3023D59FED0070BE4A /* Assets.xcassets */; };
		B5747B3423D59FED0070BE4A /* LaunchScreen.storyboard in Resources */ = {isa = PBXBuildFile; fileRef = B5747B3223D59FED0070BE4A /* LaunchScreen.storyboard */; };
		B5BC041023D6D5A000F5750A /* RestaurantDetailViewController.swift in Sources */ = {isa = PBXBuildFile; fileRef = B5BC040F23D6D5A000F5750A /* RestaurantDetailViewController.swift */; };
		B5BC041223D6D9DE00F5750A /* BaseTableViewCell.swift in Sources */ = {isa = PBXBuildFile; fileRef = B5BC041123D6D9DE00F5750A /* BaseTableViewCell.swift */; };
		B5BC041423D7035200F5750A /* HeaderCell.swift in Sources */ = {isa = PBXBuildFile; fileRef = B5BC041323D7035200F5750A /* HeaderCell.swift */; };
		B5BC041623D7037A00F5750A /* MenuCell.swift in Sources */ = {isa = PBXBuildFile; fileRef = B5BC041523D7037A00F5750A /* MenuCell.swift */; };
		B5BC041923D714FC00F5750A /* Menu.swift in Sources */ = {isa = PBXBuildFile; fileRef = B5BC041823D714FC00F5750A /* Menu.swift */; };
		C955765EC77D6F38AB2C203F /* Pods_SennaLabChallenge.framework in Frameworks */ = {isa = PBXBuildFile; fileRef = B79A3FA4F6236AFE8AB7FBBC /* Pods_SennaLabChallenge.framework */; };
/* End PBXBuildFile section */

/* Begin PBXFileReference section */
		40CC456472BCB01DAA8F8536 /* Pods-SennaLabChallenge.debug.xcconfig */ = {isa = PBXFileReference; includeInIndex = 1; lastKnownFileType = text.xcconfig; name = "Pods-SennaLabChallenge.debug.xcconfig"; path = "Target Support Files/Pods-SennaLabChallenge/Pods-SennaLabChallenge.debug.xcconfig"; sourceTree = "<group>"; };
		4D0D91DEC70FE2A0FF0B314F /* Pods-SennaLabChallenge.release.xcconfig */ = {isa = PBXFileReference; includeInIndex = 1; lastKnownFileType = text.xcconfig; name = "Pods-SennaLabChallenge.release.xcconfig"; path = "Target Support Files/Pods-SennaLabChallenge/Pods-SennaLabChallenge.release.xcconfig"; sourceTree = "<group>"; };
		B51CAF1D23D617EA0015877C /* Service.swift */ = {isa = PBXFileReference; lastKnownFileType = sourcecode.swift; path = Service.swift; sourceTree = "<group>"; };
		B51CAF2023D6183D0015877C /* Restaurant.swift */ = {isa = PBXFileReference; lastKnownFileType = sourcecode.swift; path = Restaurant.swift; sourceTree = "<group>"; };
		B51CAF2423D632F60015877C /* RestaurantCell.swift */ = {isa = PBXFileReference; lastKnownFileType = sourcecode.swift; path = RestaurantCell.swift; sourceTree = "<group>"; };
		B51CAF2723D633490015877C /* UIView+Anchors.swift */ = {isa = PBXFileReference; lastKnownFileType = sourcecode.swift; path = "UIView+Anchors.swift"; sourceTree = "<group>"; };
		B5747B2423D59FEB0070BE4A /* SennaLabChallenge.app */ = {isa = PBXFileReference; explicitFileType = wrapper.application; includeInIndex = 0; path = SennaLabChallenge.app; sourceTree = BUILT_PRODUCTS_DIR; };
		B5747B2723D59FEB0070BE4A /* AppDelegate.swift */ = {isa = PBXFileReference; lastKnownFileType = sourcecode.swift; path = AppDelegate.swift; sourceTree = "<group>"; };
		B5747B2923D59FEB0070BE4A /* SceneDelegate.swift */ = {isa = PBXFileReference; lastKnownFileType = sourcecode.swift; path = SceneDelegate.swift; sourceTree = "<group>"; };
		B5747B2B23D59FEB0070BE4A /* ViewController.swift */ = {isa = PBXFileReference; lastKnownFileType = sourcecode.swift; path = ViewController.swift; sourceTree = "<group>"; };
		B5747B3023D59FED0070BE4A /* Assets.xcassets */ = {isa = PBXFileReference; lastKnownFileType = folder.assetcatalog; path = Assets.xcassets; sourceTree = "<group>"; };
		B5747B3323D59FED0070BE4A /* Base */ = {isa = PBXFileReference; lastKnownFileType = file.storyboard; name = Base; path = Base.lproj/LaunchScreen.storyboard; sourceTree = "<group>"; };
		B5747B3523D59FED0070BE4A /* Info.plist */ = {isa = PBXFileReference; lastKnownFileType = text.plist.xml; path = Info.plist; sourceTree = "<group>"; };
		B5BC040F23D6D5A000F5750A /* RestaurantDetailViewController.swift */ = {isa = PBXFileReference; lastKnownFileType = sourcecode.swift; path = RestaurantDetailViewController.swift; sourceTree = "<group>"; };
		B5BC041123D6D9DE00F5750A /* BaseTableViewCell.swift */ = {isa = PBXFileReference; lastKnownFileType = sourcecode.swift; path = BaseTableViewCell.swift; sourceTree = "<group>"; };
		B5BC041323D7035200F5750A /* HeaderCell.swift */ = {isa = PBXFileReference; lastKnownFileType = sourcecode.swift; path = HeaderCell.swift; sourceTree = "<group>"; };
		B5BC041523D7037A00F5750A /* MenuCell.swift */ = {isa = PBXFileReference; lastKnownFileType = sourcecode.swift; path = MenuCell.swift; sourceTree = "<group>"; };
		B5BC041823D714FC00F5750A /* Menu.swift */ = {isa = PBXFileReference; lastKnownFileType = sourcecode.swift; path = Menu.swift; sourceTree = "<group>"; };
		B79A3FA4F6236AFE8AB7FBBC /* Pods_SennaLabChallenge.framework */ = {isa = PBXFileReference; explicitFileType = wrapper.framework; includeInIndex = 0; path = Pods_SennaLabChallenge.framework; sourceTree = BUILT_PRODUCTS_DIR; };
/* End PBXFileReference section */

/* Begin PBXFrameworksBuildPhase section */
		B5747B2123D59FEB0070BE4A /* Frameworks */ = {
			isa = PBXFrameworksBuildPhase;
			buildActionMask = 2147483647;
			files = (
				C955765EC77D6F38AB2C203F /* Pods_SennaLabChallenge.framework in Frameworks */,
			);
			runOnlyForDeploymentPostprocessing = 0;
		};
/* End PBXFrameworksBuildPhase section */

/* Begin PBXGroup section */
		6B70926B7E65D5068F05D69F /* Pods */ = {
			isa = PBXGroup;
			children = (
				40CC456472BCB01DAA8F8536 /* Pods-SennaLabChallenge.debug.xcconfig */,
				4D0D91DEC70FE2A0FF0B314F /* Pods-SennaLabChallenge.release.xcconfig */,
			);
			path = Pods;
			sourceTree = "<group>";
		};
		833A7D157DD6E1DCD1E37976 /* Frameworks */ = {
			isa = PBXGroup;
			children = (
				B79A3FA4F6236AFE8AB7FBBC /* Pods_SennaLabChallenge.framework */,
			);
			name = Frameworks;
			sourceTree = "<group>";
		};
		B51CAF1C23D617DF0015877C /* Service */ = {
			isa = PBXGroup;
			children = (
				B51CAF1D23D617EA0015877C /* Service.swift */,
			);
			path = Service;
			sourceTree = "<group>";
		};
		B51CAF1F23D618320015877C /* Model */ = {
			isa = PBXGroup;
			children = (
				B51CAF2023D6183D0015877C /* Restaurant.swift */,
				B5BC041823D714FC00F5750A /* Menu.swift */,
			);
			path = Model;
			sourceTree = "<group>";
		};
		B51CAF2223D62F0B0015877C /* Controller */ = {
			isa = PBXGroup;
			children = (
				B5747B2B23D59FEB0070BE4A /* ViewController.swift */,
				B5BC040F23D6D5A000F5750A /* RestaurantDetailViewController.swift */,
			);
			path = Controller;
			sourceTree = "<group>";
		};
		B51CAF2323D632D20015877C /* Views */ = {
			isa = PBXGroup;
			children = (
				B51CAF2423D632F60015877C /* RestaurantCell.swift */,
				B5BC041123D6D9DE00F5750A /* BaseTableViewCell.swift */,
				B5BC041323D7035200F5750A /* HeaderCell.swift */,
				B5BC041523D7037A00F5750A /* MenuCell.swift */,
			);
			path = Views;
			sourceTree = "<group>";
		};
		B51CAF2623D633360015877C /* Helper */ = {
			isa = PBXGroup;
			children = (
				B51CAF2723D633490015877C /* UIView+Anchors.swift */,
			);
			path = Helper;
			sourceTree = "<group>";
		};
		B5747B1B23D59FEB0070BE4A = {
			isa = PBXGroup;
			children = (
				B5747B2623D59FEB0070BE4A /* SennaLabChallenge */,
				B5747B2523D59FEB0070BE4A /* Products */,
				6B70926B7E65D5068F05D69F /* Pods */,
				833A7D157DD6E1DCD1E37976 /* Frameworks */,
			);
			sourceTree = "<group>";
		};
		B5747B2523D59FEB0070BE4A /* Products */ = {
			isa = PBXGroup;
			children = (
				B5747B2423D59FEB0070BE4A /* SennaLabChallenge.app */,
			);
			name = Products;
			sourceTree = "<group>";
		};
		B5747B2623D59FEB0070BE4A /* SennaLabChallenge */ = {
			isa = PBXGroup;
			children = (
				B51CAF2623D633360015877C /* Helper */,
				B51CAF2323D632D20015877C /* Views */,
				B51CAF2223D62F0B0015877C /* Controller */,
				B51CAF1F23D618320015877C /* Model */,
				B51CAF1C23D617DF0015877C /* Service */,
				B5747B2723D59FEB0070BE4A /* AppDelegate.swift */,
				B5747B2923D59FEB0070BE4A /* SceneDelegate.swift */,
				B5747B3023D59FED0070BE4A /* Assets.xcassets */,
				B5747B3223D59FED0070BE4A /* LaunchScreen.storyboard */,
				B5747B3523D59FED0070BE4A /* Info.plist */,
			);
			path = SennaLabChallenge;
			sourceTree = "<group>";
		};
/* End PBXGroup section */

/* Begin PBXNativeTarget section */
		B5747B2323D59FEB0070BE4A /* SennaLabChallenge */ = {
			isa = PBXNativeTarget;
			buildConfigurationList = B5747B3823D59FED0070BE4A /* Build configuration list for PBXNativeTarget "SennaLabChallenge" */;
			buildPhases = (
				6B62F1C37F7B88905F6A5BC1 /* [CP] Check Pods Manifest.lock */,
				B5747B2023D59FEB0070BE4A /* Sources */,
				B5747B2123D59FEB0070BE4A /* Frameworks */,
				B5747B2223D59FEB0070BE4A /* Resources */,
				F13AEA3EE23CC261B7F4FE6E /* [CP] Embed Pods Frameworks */,
			);
			buildRules = (
			);
			dependencies = (
			);
			name = SennaLabChallenge;
			productName = SennaLabChallenge;
			productReference = B5747B2423D59FEB0070BE4A /* SennaLabChallenge.app */;
			productType = "com.apple.product-type.application";
		};
/* End PBXNativeTarget section */

/* Begin PBXProject section */
		B5747B1C23D59FEB0070BE4A /* Project object */ = {
			isa = PBXProject;
			attributes = {
				LastSwiftUpdateCheck = 1130;
				LastUpgradeCheck = 1130;
				ORGANIZATIONNAME = chaceteera;
				TargetAttributes = {
					B5747B2323D59FEB0070BE4A = {
						CreatedOnToolsVersion = 11.3.1;
					};
				};
			};
			buildConfigurationList = B5747B1F23D59FEB0070BE4A /* Build configuration list for PBXProject "SennaLabChallenge" */;
			compatibilityVersion = "Xcode 9.3";
			developmentRegion = en;
			hasScannedForEncodings = 0;
			knownRegions = (
				en,
				Base,
			);
			mainGroup = B5747B1B23D59FEB0070BE4A;
			productRefGroup = B5747B2523D59FEB0070BE4A /* Products */;
			projectDirPath = "";
			projectRoot = "";
			targets = (
				B5747B2323D59FEB0070BE4A /* SennaLabChallenge */,
			);
		};
/* End PBXProject section */

/* Begin PBXResourcesBuildPhase section */
		B5747B2223D59FEB0070BE4A /* Resources */ = {
			isa = PBXResourcesBuildPhase;
			buildActionMask = 2147483647;
			files = (
				B5747B3423D59FED0070BE4A /* LaunchScreen.storyboard in Resources */,
				B5747B3123D59FED0070BE4A /* Assets.xcassets in Resources */,
			);
			runOnlyForDeploymentPostprocessing = 0;
		};
/* End PBXResourcesBuildPhase section */

/* Begin PBXShellScriptBuildPhase section */
		6B62F1C37F7B88905F6A5BC1 /* [CP] Check Pods Manifest.lock */ = {
			isa = PBXShellScriptBuildPhase;
			buildActionMask = 2147483647;
			files = (
			);
			inputFileListPaths = (
			);
			inputPaths = (
				"${PODS_PODFILE_DIR_PATH}/Podfile.lock",
				"${PODS_ROOT}/Manifest.lock",
			);
			name = "[CP] Check Pods Manifest.lock";
			outputFileListPaths = (
			);
			outputPaths = (
				"$(DERIVED_FILE_DIR)/Pods-SennaLabChallenge-checkManifestLockResult.txt",
			);
			runOnlyForDeploymentPostprocessing = 0;
			shellPath = /bin/sh;
			shellScript = "diff \"${PODS_PODFILE_DIR_PATH}/Podfile.lock\" \"${PODS_ROOT}/Manifest.lock\" > /dev/null\nif [ $? != 0 ] ; then\n    # print error to STDERR\n    echo \"error: The sandbox is not in sync with the Podfile.lock. Run 'pod install' or update your CocoaPods installation.\" >&2\n    exit 1\nfi\n# This output is used by Xcode 'outputs' to avoid re-running this script phase.\necho \"SUCCESS\" > \"${SCRIPT_OUTPUT_FILE_0}\"\n";
			showEnvVarsInLog = 0;
		};
		F13AEA3EE23CC261B7F4FE6E /* [CP] Embed Pods Frameworks */ = {
			isa = PBXShellScriptBuildPhase;
			buildActionMask = 2147483647;
			files = (
			);
			inputFileListPaths = (
				"${PODS_ROOT}/Target Support Files/Pods-SennaLabChallenge/Pods-SennaLabChallenge-frameworks-${CONFIGURATION}-input-files.xcfilelist",
			);
			name = "[CP] Embed Pods Frameworks";
			outputFileListPaths = (
				"${PODS_ROOT}/Target Support Files/Pods-SennaLabChallenge/Pods-SennaLabChallenge-frameworks-${CONFIGURATION}-output-files.xcfilelist",
			);
			runOnlyForDeploymentPostprocessing = 0;
			shellPath = /bin/sh;
			shellScript = "\"${PODS_ROOT}/Target Support Files/Pods-SennaLabChallenge/Pods-SennaLabChallenge-frameworks.sh\"\n";
			showEnvVarsInLog = 0;
		};
/* End PBXShellScriptBuildPhase section */

/* Begin PBXSourcesBuildPhase section */
		B5747B2023D59FEB0070BE4A /* Sources */ = {
			isa = PBXSourcesBuildPhase;
			buildActionMask = 2147483647;
			files = (
				B51CAF2523D632F60015877C /* RestaurantCell.swift in Sources */,
				B5747B2C23D59FEB0070BE4A /* ViewController.swift in Sources */,
				B5BC041023D6D5A000F5750A /* RestaurantDetailViewController.swift in Sources */,
				B51CAF1E23D617EA0015877C /* Service.swift in Sources */,
				B5BC041223D6D9DE00F5750A /* BaseTableViewCell.swift in Sources */,
				B5BC041623D7037A00F5750A /* MenuCell.swift in Sources */,
				B5BC041923D714FC00F5750A /* Menu.swift in Sources */,
				B5747B2823D59FEB0070BE4A /* AppDelegate.swift in Sources */,
				B5BC041423D7035200F5750A /* HeaderCell.swift in Sources */,
				B51CAF2123D6183D0015877C /* Restaurant.swift in Sources */,
				B5747B2A23D59FEB0070BE4A /* SceneDelegate.swift in Sources */,
				B51CAF2823D633490015877C /* UIView+Anchors.swift in Sources */,
			);
			runOnlyForDeploymentPostprocessing = 0;
		};
/* End PBXSourcesBuildPhase section */

/* Begin PBXVariantGroup section */
		B5747B3223D59FED0070BE4A /* LaunchScreen.storyboard */ = {
			isa = PBXVariantGroup;
			children = (
				B5747B3323D59FED0070BE4A /* Base */,
			);
			name = LaunchScreen.storyboard;
			sourceTree = "<group>";
		};
/* End PBXVariantGroup section */

/* Begin XCBuildConfiguration section */
		B5747B3623D59FED0070BE4A /* Debug */ = {
			isa = XCBuildConfiguration;
			buildSettings = {
				ALWAYS_SEARCH_USER_PATHS = NO;
				CLANG_ANALYZER_NONNULL = YES;
				CLANG_ANALYZER_NUMBER_OBJECT_CONVERSION = YES_AGGRESSIVE;
				CLANG_CXX_LANGUAGE_STANDARD = "gnu++14";
				CLANG_CXX_LIBRARY = "libc++";
				CLANG_ENABLE_MODULES = YES;
				CLANG_ENABLE_OBJC_ARC = YES;
				CLANG_ENABLE_OBJC_WEAK = YES;
				CLANG_WARN_BLOCK_CAPTURE_AUTORELEASING = YES;
				CLANG_WARN_BOOL_CONVERSION = YES;
				CLANG_WARN_COMMA = YES;
				CLANG_WARN_CONSTANT_CONVERSION = YES;
				CLANG_WARN_DEPRECATED_OBJC_IMPLEMENTATIONS = YES;
				CLANG_WARN_DIRECT_OBJC_ISA_USAGE = YES_ERROR;
				CLANG_WARN_DOCUMENTATION_COMMENTS = YES;
				CLANG_WARN_EMPTY_BODY = YES;
				CLANG_WARN_ENUM_CONVERSION = YES;
				CLANG_WARN_INFINITE_RECURSION = YES;
				CLANG_WARN_INT_CONVERSION = YES;
				CLANG_WARN_NON_LITERAL_NULL_CONVERSION = YES;
				CLANG_WARN_OBJC_IMPLICIT_RETAIN_SELF = YES;
				CLANG_WARN_OBJC_LITERAL_CONVERSION = YES;
				CLANG_WARN_OBJC_ROOT_CLASS = YES_ERROR;
				CLANG_WARN_RANGE_LOOP_ANALYSIS = YES;
				CLANG_WARN_STRICT_PROTOTYPES = YES;
				CLANG_WARN_SUSPICIOUS_MOVE = YES;
				CLANG_WARN_UNGUARDED_AVAILABILITY = YES_AGGRESSIVE;
				CLANG_WARN_UNREACHABLE_CODE = YES;
				CLANG_WARN__DUPLICATE_METHOD_MATCH = YES;
				COPY_PHASE_STRIP = NO;
				DEBUG_INFORMATION_FORMAT = dwarf;
				ENABLE_STRICT_OBJC_MSGSEND = YES;
				ENABLE_TESTABILITY = YES;
				GCC_C_LANGUAGE_STANDARD = gnu11;
				GCC_DYNAMIC_NO_PIC = NO;
				GCC_NO_COMMON_BLOCKS = YES;
				GCC_OPTIMIZATION_LEVEL = 0;
				GCC_PREPROCESSOR_DEFINITIONS = (
					"DEBUG=1",
					"$(inherited)",
				);
				GCC_WARN_64_TO_32_BIT_CONVERSION = YES;
				GCC_WARN_ABOUT_RETURN_TYPE = YES_ERROR;
				GCC_WARN_UNDECLARED_SELECTOR = YES;
				GCC_WARN_UNINITIALIZED_AUTOS = YES_AGGRESSIVE;
				GCC_WARN_UNUSED_FUNCTION = YES;
				GCC_WARN_UNUSED_VARIABLE = YES;
				IPHONEOS_DEPLOYMENT_TARGET = 13.2;
				MTL_ENABLE_DEBUG_INFO = INCLUDE_SOURCE;
				MTL_FAST_MATH = YES;
				ONLY_ACTIVE_ARCH = YES;
				SDKROOT = iphoneos;
				SWIFT_ACTIVE_COMPILATION_CONDITIONS = DEBUG;
				SWIFT_OPTIMIZATION_LEVEL = "-Onone";
			};
			name = Debug;
		};
		B5747B3723D59FED0070BE4A /* Release */ = {
			isa = XCBuildConfiguration;
			buildSettings = {
				ALWAYS_SEARCH_USER_PATHS = NO;
				CLANG_ANALYZER_NONNULL = YES;
				CLANG_ANALYZER_NUMBER_OBJECT_CONVERSION = YES_AGGRESSIVE;
				CLANG_CXX_LANGUAGE_STANDARD = "gnu++14";
				CLANG_CXX_LIBRARY = "libc++";
				CLANG_ENABLE_MODULES = YES;
				CLANG_ENABLE_OBJC_ARC = YES;
				CLANG_ENABLE_OBJC_WEAK = YES;
				CLANG_WARN_BLOCK_CAPTURE_AUTORELEASING = YES;
				CLANG_WARN_BOOL_CONVERSION = YES;
				CLANG_WARN_COMMA = YES;
				CLANG_WARN_CONSTANT_CONVERSION = YES;
				CLANG_WARN_DEPRECATED_OBJC_IMPLEMENTATIONS = YES;
				CLANG_WARN_DIRECT_OBJC_ISA_USAGE = YES_ERROR;
				CLANG_WARN_DOCUMENTATION_COMMENTS = YES;
				CLANG_WARN_EMPTY_BODY = YES;
				CLANG_WARN_ENUM_CONVERSION = YES;
				CLANG_WARN_INFINITE_RECURSION = YES;
				CLANG_WARN_INT_CONVERSION = YES;
				CLANG_WARN_NON_LITERAL_NULL_CONVERSION = YES;
				CLANG_WARN_OBJC_IMPLICIT_RETAIN_SELF = YES;
				CLANG_WARN_OBJC_LITERAL_CONVERSION = YES;
				CLANG_WARN_OBJC_ROOT_CLASS = YES_ERROR;
				CLANG_WARN_RANGE_LOOP_ANALYSIS = YES;
				CLANG_WARN_STRICT_PROTOTYPES = YES;
				CLANG_WARN_SUSPICIOUS_MOVE = YES;
				CLANG_WARN_UNGUARDED_AVAILABILITY = YES_AGGRESSIVE;
				CLANG_WARN_UNREACHABLE_CODE = YES;
				CLANG_WARN__DUPLICATE_METHOD_MATCH = YES;
				COPY_PHASE_STRIP = NO;
				DEBUG_INFORMATION_FORMAT = "dwarf-with-dsym";
				ENABLE_NS_ASSERTIONS = NO;
				ENABLE_STRICT_OBJC_MSGSEND = YES;
				GCC_C_LANGUAGE_STANDARD = gnu11;
				GCC_NO_COMMON_BLOCKS = YES;
				GCC_WARN_64_TO_32_BIT_CONVERSION = YES;
				GCC_WARN_ABOUT_RETURN_TYPE = YES_ERROR;
				GCC_WARN_UNDECLARED_SELECTOR = YES;
				GCC_WARN_UNINITIALIZED_AUTOS = YES_AGGRESSIVE;
				GCC_WARN_UNUSED_FUNCTION = YES;
				GCC_WARN_UNUSED_VARIABLE = YES;
				IPHONEOS_DEPLOYMENT_TARGET = 13.2;
				MTL_ENABLE_DEBUG_INFO = NO;
				MTL_FAST_MATH = YES;
				SDKROOT = iphoneos;
				SWIFT_COMPILATION_MODE = wholemodule;
				SWIFT_OPTIMIZATION_LEVEL = "-O";
				VALIDATE_PRODUCT = YES;
			};
			name = Release;
		};
		B5747B3923D59FED0070BE4A /* Debug */ = {
			isa = XCBuildConfiguration;
			baseConfigurationReference = 40CC456472BCB01DAA8F8536 /* Pods-SennaLabChallenge.debug.xcconfig */;
			buildSettings = {
				ASSETCATALOG_COMPILER_APPICON_NAME = AppIcon;
				CODE_SIGN_STYLE = Automatic;
				DEVELOPMENT_TEAM = FCQA3D4ES5;
				INFOPLIST_FILE = SennaLabChallenge/Info.plist;
				LD_RUNPATH_SEARCH_PATHS = (
					"$(inherited)",
					"@executable_path/Frameworks",
				);
				PRODUCT_BUNDLE_IDENTIFIER = chaceteera.SennaLabChallenge;
				PRODUCT_NAME = "$(TARGET_NAME)";
				SWIFT_VERSION = 5.0;
				TARGETED_DEVICE_FAMILY = "1,2";
			};
			name = Debug;
		};
		B5747B3A23D59FED0070BE4A /* Release */ = {
			isa = XCBuildConfiguration;
			baseConfigurationReference = 4D0D91DEC70FE2A0FF0B314F /* Pods-SennaLabChallenge.release.xcconfig */;
			buildSettings = {
				ASSETCATALOG_COMPILER_APPICON_NAME = AppIcon;
				CODE_SIGN_STYLE = Automatic;
				DEVELOPMENT_TEAM = FCQA3D4ES5;
				INFOPLIST_FILE = SennaLabChallenge/Info.plist;
				LD_RUNPATH_SEARCH_PATHS = (
					"$(inherited)",
					"@executable_path/Frameworks",
				);
				PRODUCT_BUNDLE_IDENTIFIER = chaceteera.SennaLabChallenge;
				PRODUCT_NAME = "$(TARGET_NAME)";
				SWIFT_VERSION = 5.0;
				TARGETED_DEVICE_FAMILY = "1,2";
			};
			name = Release;
		};
/* End XCBuildConfiguration section */

/* Begin XCConfigurationList section */
		B5747B1F23D59FEB0070BE4A /* Build configuration list for PBXProject "SennaLabChallenge" */ = {
			isa = XCConfigurationList;
			buildConfigurations = (
				B5747B3623D59FED0070BE4A /* Debug */,
				B5747B3723D59FED0070BE4A /* Release */,
			);
			defaultConfigurationIsVisible = 0;
			defaultConfigurationName = Release;
		};
		B5747B3823D59FED0070BE4A /* Build configuration list for PBXNativeTarget "SennaLabChallenge" */ = {
			isa = XCConfigurationList;
			buildConfigurations = (
				B5747B3923D59FED0070BE4A /* Debug */,
				B5747B3A23D59FED0070BE4A /* Release */,
			);
			defaultConfigurationIsVisible = 0;
			defaultConfigurationName = Release;
		};
/* End XCConfigurationList section */
	};
	rootObject = B5747B1C23D59FEB0070BE4A /* Project object */;
}
